
Microsoft Visual Studio Solution File, Format Version 12.00
# Visual Studio Version 17
VisualStudioVersion = 17.9.34728.123
MinimumVisualStudioVersion = 10.0.40219.1
Project("{FAE04EC0-301F-11D3-BF4B-00C04F79EFBC}") = "ForumBrowser", "ForumBrowser.csproj", "{F1456849-E0AA-4F85-989D-42FB19641D2B}"
EndProject
Global
	GlobalSection(SolutionConfigurationPlatforms) = preSolution
		Debug|Any CPU = Debug|Any CPU
		Release|Any CPU = Release|Any CPU
	EndGlobalSection
	GlobalSection(ProjectConfigurationPlatforms) = postSolution
		{F1456849-E0AA-4F85-989D-42FB19641D2B}.Debug|Any CPU.ActiveCfg = Debug|Any CPU
		{F1456849-E0AA-4F85-989D-42FB19641D2B}.Debug|Any CPU.Build.0 = Debug|Any CPU
		{F1456849-E0AA-4F85-989D-42FB19641D2B}.Release|Any CPU.ActiveCfg = Release|Any CPU
		{F1456849-E0AA-4F85-989D-42FB19641D2B}.Release|Any CPU.Build.0 = Release|Any CPU
	EndGlobalSection
	GlobalSection(SolutionProperties) = preSolution
		HideSolutionNode = FALSE
	EndGlobalSection
	GlobalSection(ExtensibilityGlobals) = postSolution
		SolutionGuid = {C1AEA144-CDE6-443D-A700-FCFA7C3AE59F}
	EndGlobalSection
EndGlobal
